
Microsoft Visual Studio Solution File, Format Version 12.00
# Visual Studio Version 17
VisualStudioVersion = 17.10.35122.118
MinimumVisualStudioVersion = 10.0.40219.1
Project("{2150E333-8FDC-42A3-9474-1A3956D46DE8}") = "Solution Items", "Solution Items", "{A991FFE9-99AA-4696-BB83-3511D5B827F8}"
	ProjectSection(SolutionItems) = preProject
		.editorconfig = .editorconfig
		.gitignore = .gitignore
		LICENSE = LICENSE
		README.md = README.md
		TODO.md = TODO.md
		docs\src\UPDATES.md = docs\src\UPDATES.md
	EndProjectSection
EndProject
Project("{9A19103F-16F7-4668-BE54-9A1E7A4F7556}") = "RengaBri4kaTests", "src\RengaBri4kaTests\RengaBri4kaTests.csproj", "{E1007B53-E304-4D27-AF62-13D6308CCDBC}"
EndProject
Project("{9A19103F-16F7-4668-BE54-9A1E7A4F7556}") = "RengaBri4kaKernel", "src\RengaBri4kaKernel\RengaBri4kaKernel.csproj", "{06F1BD3F-F5BD-4DD6-BD32-2D00B0F3922E}"
EndProject
Project("{9A19103F-16F7-4668-BE54-9A1E7A4F7556}") = "RengaBri4kaLoader", "src\RengaBri4kaLoader\RengaBri4kaLoader.csproj", "{895BC455-9BA8-4029-9E1A-B3AAA717985B}"
EndProject
Project("{9A19103F-16F7-4668-BE54-9A1E7A4F7556}") = "RengaBri4kaGis", "src\RengaBri4kaGis\RengaBri4kaGis.csproj", "{566EE415-3EF6-4D6A-B687-BB8A1845FD2B}"
EndProject
Global
	GlobalSection(SolutionConfigurationPlatforms) = preSolution
		Debug|Any CPU = Debug|Any CPU
		Debug|x64 = Debug|x64
		Release|Any CPU = Release|Any CPU
		Release|x64 = Release|x64
	EndGlobalSection
	GlobalSection(ProjectConfigurationPlatforms) = postSolution
		{E1007B53-E304-4D27-AF62-13D6308CCDBC}.Debug|Any CPU.ActiveCfg = Debug|x64
		{E1007B53-E304-4D27-AF62-13D6308CCDBC}.Debug|Any CPU.Build.0 = Debug|x64
		{E1007B53-E304-4D27-AF62-13D6308CCDBC}.Debug|x64.ActiveCfg = Debug|x64
		{E1007B53-E304-4D27-AF62-13D6308CCDBC}.Debug|x64.Build.0 = Debug|x64
		{E1007B53-E304-4D27-AF62-13D6308CCDBC}.Release|Any CPU.ActiveCfg = Release|x64
		{E1007B53-E304-4D27-AF62-13D6308CCDBC}.Release|x64.ActiveCfg = Release|x64
		{06F1BD3F-F5BD-4DD6-BD32-2D00B0F3922E}.Debug|Any CPU.ActiveCfg = Debug|x64
		{06F1BD3F-F5BD-4DD6-BD32-2D00B0F3922E}.Debug|Any CPU.Build.0 = Debug|x64
		{06F1BD3F-F5BD-4DD6-BD32-2D00B0F3922E}.Debug|x64.ActiveCfg = Debug|x64
		{06F1BD3F-F5BD-4DD6-BD32-2D00B0F3922E}.Debug|x64.Build.0 = Debug|x64
		{06F1BD3F-F5BD-4DD6-BD32-2D00B0F3922E}.Release|Any CPU.ActiveCfg = Release|x64
		{06F1BD3F-F5BD-4DD6-BD32-2D00B0F3922E}.Release|Any CPU.Build.0 = Release|x64
		{06F1BD3F-F5BD-4DD6-BD32-2D00B0F3922E}.Release|x64.ActiveCfg = Release|x64
		{06F1BD3F-F5BD-4DD6-BD32-2D00B0F3922E}.Release|x64.Build.0 = Release|x64
		{895BC455-9BA8-4029-9E1A-B3AAA717985B}.Debug|Any CPU.ActiveCfg = Debug|x64
		{895BC455-9BA8-4029-9E1A-B3AAA717985B}.Debug|Any CPU.Build.0 = Debug|x64
		{895BC455-9BA8-4029-9E1A-B3AAA717985B}.Debug|x64.ActiveCfg = Debug|x64
		{895BC455-9BA8-4029-9E1A-B3AAA717985B}.Debug|x64.Build.0 = Debug|x64
		{895BC455-9BA8-4029-9E1A-B3AAA717985B}.Release|Any CPU.ActiveCfg = Release|x64
		{895BC455-9BA8-4029-9E1A-B3AAA717985B}.Release|Any CPU.Build.0 = Release|x64
		{895BC455-9BA8-4029-9E1A-B3AAA717985B}.Release|x64.ActiveCfg = Release|x64
		{895BC455-9BA8-4029-9E1A-B3AAA717985B}.Release|x64.Build.0 = Release|x64
		{566EE415-3EF6-4D6A-B687-BB8A1845FD2B}.Debug|Any CPU.ActiveCfg = Debug|x64
		{566EE415-3EF6-4D6A-B687-BB8A1845FD2B}.Debug|Any CPU.Build.0 = Debug|x64
		{566EE415-3EF6-4D6A-B687-BB8A1845FD2B}.Debug|x64.ActiveCfg = Debug|x64
		{566EE415-3EF6-4D6A-B687-BB8A1845FD2B}.Debug|x64.Build.0 = Debug|x64
		{566EE415-3EF6-4D6A-B687-BB8A1845FD2B}.Release|Any CPU.ActiveCfg = Release|x64
		{566EE415-3EF6-4D6A-B687-BB8A1845FD2B}.Release|Any CPU.Build.0 = Release|x64
		{566EE415-3EF6-4D6A-B687-BB8A1845FD2B}.Release|x64.ActiveCfg = Release|x64
		{566EE415-3EF6-4D6A-B687-BB8A1845FD2B}.Release|x64.Build.0 = Release|x64
	EndGlobalSection
	GlobalSection(SolutionProperties) = preSolution
		HideSolutionNode = FALSE
	EndGlobalSection
	GlobalSection(ExtensibilityGlobals) = postSolution
		SolutionGuid = {543E5C74-9B50-4955-8DAE-5C765F342AF6}
	EndGlobalSection
EndGlobal
